// !$*UTF8*$!
{
	archiveVersion = 1;
	classes = {
	};
	objectVersion = 46;
	objects = {

/* Begin PBXBuildFile section */
		FD8FF195147280A3005EAD9F /* UIKit.framework in Frameworks */ = {isa = PBXBuildFile; fileRef = FD8FF194147280A3005EAD9F /* UIKit.framework */; };
		FD8FF197147280A3005EAD9F /* Foundation.framework in Frameworks */ = {isa = PBXBuildFile; fileRef = FD8FF196147280A3005EAD9F /* Foundation.framework */; };
		FD8FF199147280A3005EAD9F /* CoreGraphics.framework in Frameworks */ = {isa = PBXBuildFile; fileRef = FD8FF198147280A3005EAD9F /* CoreGraphics.framework */; };
		FD8FF19F147280A3005EAD9F /* InfoPlist.strings in Resources */ = {isa = PBXBuildFile; fileRef = FD8FF19D147280A3005EAD9F /* InfoPlist.strings */; };
		FD8FF1A1147280A3005EAD9F /* main.m in Sources */ = {isa = PBXBuildFile; fileRef = FD8FF1A0147280A3005EAD9F /* main.m */; };
		FD8FF1A5147280A3005EAD9F /* AppDelegate.m in Sources */ = {isa = PBXBuildFile; fileRef = FD8FF1A4147280A3005EAD9F /* AppDelegate.m */; };
		FD8FF1A8147280A3005EAD9F /* ViewController.m in Sources */ = {isa = PBXBuildFile; fileRef = FD8FF1A7147280A3005EAD9F /* ViewController.m */; };
		FD8FF1AB147280A3005EAD9F /* ViewController.xib in Resources */ = {isa = PBXBuildFile; fileRef = FD8FF1A9147280A3005EAD9F /* ViewController.xib */; };
		FD8FF1CF1472825D005EAD9F /* CFNetwork.framework in Frameworks */ = {isa = PBXBuildFile; fileRef = FD8FF1CD1472825D005EAD9F /* CFNetwork.framework */; };
		FD8FF1D01472825D005EAD9F /* Security.framework in Frameworks */ = {isa = PBXBuildFile; fileRef = FD8FF1CE1472825D005EAD9F /* Security.framework */; };
		FDCE80451472956100643EF8 /* DDAbstractDatabaseLogger.m in Sources */ = {isa = PBXBuildFile; fileRef = FDCE803C1472956100643EF8 /* DDAbstractDatabaseLogger.m */; };
		FDCE80461472956100643EF8 /* DDASLLogger.m in Sources */ = {isa = PBXBuildFile; fileRef = FDCE803E1472956100643EF8 /* DDASLLogger.m */; };
		FDCE80471472956100643EF8 /* DDFileLogger.m in Sources */ = {isa = PBXBuildFile; fileRef = FDCE80401472956100643EF8 /* DDFileLogger.m */; };
		FDCE80481472956100643EF8 /* DDLog.m in Sources */ = {isa = PBXBuildFile; fileRef = FDCE80421472956100643EF8 /* DDLog.m */; };
		FDCE80491472956100643EF8 /* DDTTYLogger.m in Sources */ = {isa = PBXBuildFile; fileRef = FDCE80441472956100643EF8 /* DDTTYLogger.m */; };
		FDCE804C1472957000643EF8 /* GCDAsyncSocket.m in Sources */ = {isa = PBXBuildFile; fileRef = FDCE804B1472957000643EF8 /* GCDAsyncSocket.m */; };
/* End PBXBuildFile section */

/* Begin PBXFileReference section */
		FD8FF190147280A3005EAD9F /* SocketClient.app */ = {isa = PBXFileReference; explicitFileType = wrapper.application; includeInIndex = 0; path = SocketClient.app; sourceTree = BUILT_PRODUCTS_DIR; };
		FD8FF194147280A3005EAD9F /* UIKit.framework */ = {isa = PBXFileReference; lastKnownFileType = wrapper.framework; name = UIKit.framework; path = System/Library/Frameworks/UIKit.framework; sourceTree = SDKROOT; };
		FD8FF196147280A3005EAD9F /* Foundation.framework */ = {isa = PBXFileReference; lastKnownFileType = wrapper.framework; name = Foundation.framework; path = System/Library/Frameworks/Foundation.framework; sourceTree = SDKROOT; };
		FD8FF198147280A3005EAD9F /* CoreGraphics.framework */ = {isa = PBXFileReference; lastKnownFileType = wrapper.framework; name = CoreGraphics.framework; path = System/Library/Frameworks/CoreGraphics.framework; sourceTree = SDKROOT; };
		FD8FF19C147280A3005EAD9F /* SocketClient-Info.plist */ = {isa = PBXFileReference; lastKnownFileType = text.plist.xml; path = "SocketClient-Info.plist"; sourceTree = "<group>"; };
		FD8FF19E147280A3005EAD9F /* en */ = {isa = PBXFileReference; lastKnownFileType = text.plist.strings; name = en; path = en.lproj/InfoPlist.strings; sourceTree = "<group>"; };
		FD8FF1A0147280A3005EAD9F /* main.m */ = {isa = PBXFileReference; lastKnownFileType = sourcecode.c.objc; path = main.m; sourceTree = "<group>"; };
		FD8FF1A2147280A3005EAD9F /* SocketClient-Prefix.pch */ = {isa = PBXFileReference; lastKnownFileType = sourcecode.c.h; path = "SocketClient-Prefix.pch"; sourceTree = "<group>"; };
		FD8FF1A3147280A3005EAD9F /* AppDelegate.h */ = {isa = PBXFileReference; lastKnownFileType = sourcecode.c.h; path = AppDelegate.h; sourceTree = "<group>"; };
		FD8FF1A4147280A3005EAD9F /* AppDelegate.m */ = {isa = PBXFileReference; lastKnownFileType = sourcecode.c.objc; path = AppDelegate.m; sourceTree = "<group>"; };
		FD8FF1A6147280A3005EAD9F /* ViewController.h */ = {isa = PBXFileReference; lastKnownFileType = sourcecode.c.h; path = ViewController.h; sourceTree = "<group>"; };
		FD8FF1A7147280A3005EAD9F /* ViewController.m */ = {isa = PBXFileReference; lastKnownFileType = sourcecode.c.objc; path = ViewController.m; sourceTree = "<group>"; };
		FD8FF1AA147280A3005EAD9F /* en */ = {isa = PBXFileReference; lastKnownFileType = file.xib; name = en; path = en.lproj/ViewController.xib; sourceTree = "<group>"; };
		FD8FF1CD1472825D005EAD9F /* CFNetwork.framework */ = {isa = PBXFileReference; lastKnownFileType = wrapper.framework; name = CFNetwork.framework; path = System/Library/Frameworks/CFNetwork.framework; sourceTree = SDKROOT; };
		FD8FF1CE1472825D005EAD9F /* Security.framework */ = {isa = PBXFileReference; lastKnownFileType = wrapper.framework; name = Security.framework; path = System/Library/Frameworks/Security.framework; sourceTree = SDKROOT; };
		FDCE803B1472956100643EF8 /* DDAbstractDatabaseLogger.h */ = {isa = PBXFileReference; fileEncoding = 4; lastKnownFileType = sourcecode.c.h; name = DDAbstractDatabaseLogger.h; path = ../../Vendor/CocoaLumberjack/DDAbstractDatabaseLogger.h; sourceTree = "<group>"; };
		FDCE803C1472956100643EF8 /* DDAbstractDatabaseLogger.m */ = {isa = PBXFileReference; fileEncoding = 4; lastKnownFileType = sourcecode.c.objc; name = DDAbstractDatabaseLogger.m; path = ../../Vendor/CocoaLumberjack/DDAbstractDatabaseLogger.m; sourceTree = "<group>"; };
		FDCE803D1472956100643EF8 /* DDASLLogger.h */ = {isa = PBXFileReference; fileEncoding = 4; lastKnownFileType = sourcecode.c.h; name = DDASLLogger.h; path = ../../Vendor/CocoaLumberjack/DDASLLogger.h; sourceTree = "<group>"; };
		FDCE803E1472956100643EF8 /* DDASLLogger.m */ = {isa = PBXFileReference; fileEncoding = 4; lastKnownFileType = sourcecode.c.objc; name = DDASLLogger.m; path = ../../Vendor/CocoaLumberjack/DDASLLogger.m; sourceTree = "<group>"; };
		FDCE803F1472956100643EF8 /* DDFileLogger.h */ = {isa = PBXFileReference; fileEncoding = 4; lastKnownFileType = sourcecode.c.h; name = DDFileLogger.h; path = ../../Vendor/CocoaLumberjack/DDFileLogger.h; sourceTree = "<group>"; };
		FDCE80401472956100643EF8 /* DDFileLogger.m */ = {isa = PBXFileReference; fileEncoding = 4; lastKnownFileType = sourcecode.c.objc; name = DDFileLogger.m; path = ../../Vendor/CocoaLumberjack/DDFileLogger.m; sourceTree = "<group>"; };
		FDCE80411472956100643EF8 /* DDLog.h */ = {isa = PBXFileReference; fileEncoding = 4; lastKnownFileType = sourcecode.c.h; name = DDLog.h; path = ../../Vendor/CocoaLumberjack/DDLog.h; sourceTree = "<group>"; };
		FDCE80421472956100643EF8 /* DDLog.m */ = {isa = PBXFileReference; fileEncoding = 4; lastKnownFileType = sourcecode.c.objc; name = DDLog.m; path = ../../Vendor/CocoaLumberjack/DDLog.m; sourceTree = "<group>"; };
		FDCE80431472956100643EF8 /* DDTTYLogger.h */ = {isa = PBXFileReference; fileEncoding = 4; lastKnownFileType = sourcecode.c.h; name = DDTTYLogger.h; path = ../../Vendor/CocoaLumberjack/DDTTYLogger.h; sourceTree = "<group>"; };
		FDCE80441472956100643EF8 /* DDTTYLogger.m */ = {isa = PBXFileReference; fileEncoding = 4; lastKnownFileType = sourcecode.c.objc; name = DDTTYLogger.m; path = ../../Vendor/CocoaLumberjack/DDTTYLogger.m; sourceTree = "<group>"; };
		FDCE804A1472957000643EF8 /* GCDAsyncSocket.h */ = {isa = PBXFileReference; fileEncoding = 4; lastKnownFileType = sourcecode.c.h; name = GCDAsyncSocket.h; path = ../../GCDAsyncSocket.h; sourceTree = "<group>"; };
		FDCE804B1472957000643EF8 /* GCDAsyncSocket.m */ = {isa = PBXFileReference; fileEncoding = 4; lastKnownFileType = sourcecode.c.objc; name = GCDAsyncSocket.m; path = ../../GCDAsyncSocket.m; sourceTree = "<group>"; };
/* End PBXFileReference section */

/* Begin PBXFrameworksBuildPhase section */
		FD8FF18D147280A3005EAD9F /* Frameworks */ = {
			isa = PBXFrameworksBuildPhase;
			buildActionMask = 2147483647;
			files = (
				FD8FF1CF1472825D005EAD9F /* CFNetwork.framework in Frameworks */,
				FD8FF1D01472825D005EAD9F /* Security.framework in Frameworks */,
				FD8FF195147280A3005EAD9F /* UIKit.framework in Frameworks */,
				FD8FF197147280A3005EAD9F /* Foundation.framework in Frameworks */,
				FD8FF199147280A3005EAD9F /* CoreGraphics.framework in Frameworks */,
			);
			runOnlyForDeploymentPostprocessing = 0;
		};
/* End PBXFrameworksBuildPhase section */

/* Begin PBXGroup section */
		FD8FF185147280A2005EAD9F = {
			isa = PBXGroup;
			children = (
				FD8FF1CD1472825D005EAD9F /* CFNetwork.framework */,
				FD8FF1CE1472825D005EAD9F /* Security.framework */,
				FD8FF19A147280A3005EAD9F /* SocketClient */,
				FD8FF193147280A3005EAD9F /* Frameworks */,
				FD8FF191147280A3005EAD9F /* Products */,
			);
			sourceTree = "<group>";
		};
		FD8FF191147280A3005EAD9F /* Products */ = {
			isa = PBXGroup;
			children = (
				FD8FF190147280A3005EAD9F /* SocketClient.app */,
			);
			name = Products;
			sourceTree = "<group>";
		};
		FD8FF193147280A3005EAD9F /* Frameworks */ = {
			isa = PBXGroup;
			children = (
				FD8FF194147280A3005EAD9F /* UIKit.framework */,
				FD8FF196147280A3005EAD9F /* Foundation.framework */,
				FD8FF198147280A3005EAD9F /* CoreGraphics.framework */,
			);
			name = Frameworks;
			sourceTree = "<group>";
		};
		FD8FF19A147280A3005EAD9F /* SocketClient */ = {
			isa = PBXGroup;
			children = (
				FDCE804A1472957000643EF8 /* GCDAsyncSocket.h */,
				FDCE804B1472957000643EF8 /* GCDAsyncSocket.m */,
				FD8FF1B5147280C3005EAD9F /* Logging */,
				FD8FF1A3147280A3005EAD9F /* AppDelegate.h */,
				FD8FF1A4147280A3005EAD9F /* AppDelegate.m */,
				FD8FF1A6147280A3005EAD9F /* ViewController.h */,
				FD8FF1A7147280A3005EAD9F /* ViewController.m */,
				FD8FF1A9147280A3005EAD9F /* ViewController.xib */,
				FD8FF19B147280A3005EAD9F /* Supporting Files */,
			);
			path = SocketClient;
			sourceTree = "<group>";
		};
		FD8FF19B147280A3005EAD9F /* Supporting Files */ = {
			isa = PBXGroup;
			children = (
				FD8FF19C147280A3005EAD9F /* SocketClient-Info.plist */,
				FD8FF19D147280A3005EAD9F /* InfoPlist.strings */,
				FD8FF1A0147280A3005EAD9F /* main.m */,
				FD8FF1A2147280A3005EAD9F /* SocketClient-Prefix.pch */,
			);
			name = "Supporting Files";
			sourceTree = "<group>";
		};
		FD8FF1B5147280C3005EAD9F /* Logging */ = {
			isa = PBXGroup;
			children = (
				FDCE803B1472956100643EF8 /* DDAbstractDatabaseLogger.h */,
				FDCE803C1472956100643EF8 /* DDAbstractDatabaseLogger.m */,
				FDCE803D1472956100643EF8 /* DDASLLogger.h */,
				FDCE803E1472956100643EF8 /* DDASLLogger.m */,
				FDCE803F1472956100643EF8 /* DDFileLogger.h */,
				FDCE80401472956100643EF8 /* DDFileLogger.m */,
				FDCE80411472956100643EF8 /* DDLog.h */,
				FDCE80421472956100643EF8 /* DDLog.m */,
				FDCE80431472956100643EF8 /* DDTTYLogger.h */,
				FDCE80441472956100643EF8 /* DDTTYLogger.m */,
			);
			name = Logging;
			sourceTree = "<group>";
		};
/* End PBXGroup section */

/* Begin PBXNativeTarget section */
		FD8FF18F147280A3005EAD9F /* SocketClient */ = {
			isa = PBXNativeTarget;
			buildConfigurationList = FD8FF1AE147280A3005EAD9F /* Build configuration list for PBXNativeTarget "SocketClient" */;
			buildPhases = (
				FD8FF18C147280A3005EAD9F /* Sources */,
				FD8FF18D147280A3005EAD9F /* Frameworks */,
				FD8FF18E147280A3005EAD9F /* Resources */,
			);
			buildRules = (
			);
			dependencies = (
			);
			name = SocketClient;
			productName = SocketClient;
			productReference = FD8FF190147280A3005EAD9F /* SocketClient.app */;
			productType = "com.apple.product-type.application";
		};
/* End PBXNativeTarget section */

/* Begin PBXProject section */
		FD8FF187147280A2005EAD9F /* Project object */ = {
			isa = PBXProject;
			attributes = {
				LastUpgradeCheck = 0420;
				ORGANIZATIONNAME = "Cayden Liew";
			};
			buildConfigurationList = FD8FF18A147280A2005EAD9F /* Build configuration list for PBXProject "SocketClient" */;
			compatibilityVersion = "Xcode 3.2";
			developmentRegion = English;
			hasScannedForEncodings = 0;
			knownRegions = (
				en,
			);
			mainGroup = FD8FF185147280A2005EAD9F;
			productRefGroup = FD8FF191147280A3005EAD9F /* Products */;
			projectDirPath = "";
			projectRoot = "";
			targets = (
				FD8FF18F147280A3005EAD9F /* SocketClient */,
			);
		};
/* End PBXProject section */

/* Begin PBXResourcesBuildPhase section */
		FD8FF18E147280A3005EAD9F /* Resources */ = {
			isa = PBXResourcesBuildPhase;
			buildActionMask = 2147483647;
			files = (
				FD8FF19F147280A3005EAD9F /* InfoPlist.strings in Resources */,
				FD8FF1AB147280A3005EAD9F /* ViewController.xib in Resources */,
			);
			runOnlyForDeploymentPostprocessing = 0;
		};
/* End PBXResourcesBuildPhase section */

/* Begin PBXSourcesBuildPhase section */
		FD8FF18C147280A3005EAD9F /* Sources */ = {
			isa = PBXSourcesBuildPhase;
			buildActionMask = 2147483647;
			files = (
				FD8FF1A1147280A3005EAD9F /* main.m in Sources */,
				FD8FF1A5147280A3005EAD9F /* AppDelegate.m in Sources */,
				FD8FF1A8147280A3005EAD9F /* ViewController.m in Sources */,
				FDCE80451472956100643EF8 /* DDAbstractDatabaseLogger.m in Sources */,
				FDCE80461472956100643EF8 /* DDASLLogger.m in Sources */,
				FDCE80471472956100643EF8 /* DDFileLogger.m in Sources */,
				FDCE80481472956100643EF8 /* DDLog.m in Sources */,
				FDCE80491472956100643EF8 /* DDTTYLogger.m in Sources */,
				FDCE804C1472957000643EF8 /* GCDAsyncSocket.m in Sources */,
			);
			runOnlyForDeploymentPostprocessing = 0;
		};
/* End PBXSourcesBuildPhase section */

/* Begin PBXVariantGroup section */
		FD8FF19D147280A3005EAD9F /* InfoPlist.strings */ = {
			isa = PBXVariantGroup;
			children = (
				FD8FF19E147280A3005EAD9F /* en */,
			);
			name = InfoPlist.strings;
			sourceTree = "<group>";
		};
		FD8FF1A9147280A3005EAD9F /* ViewController.xib */ = {
			isa = PBXVariantGroup;
			children = (
				FD8FF1AA147280A3005EAD9F /* en */,
			);
			name = ViewController.xib;
			sourceTree = "<group>";
		};
/* End PBXVariantGroup section */

/* Begin XCBuildConfiguration section */
		FD8FF1AC147280A3005EAD9F /* Debug */ = {
			isa = XCBuildConfiguration;
			buildSettings = {
				ALWAYS_SEARCH_USER_PATHS = NO;
				ARCHS = "$(ARCHS_STANDARD_32_BIT)";
				"CODE_SIGN_IDENTITY[sdk=iphoneos*]" = "iPhone Developer";
				COPY_PHASE_STRIP = NO;
				GCC_C_LANGUAGE_STANDARD = gnu99;
				GCC_DYNAMIC_NO_PIC = NO;
				GCC_OPTIMIZATION_LEVEL = 0;
				GCC_PREPROCESSOR_DEFINITIONS = (
					"DEBUG=1",
					"$(inherited)",
				);
				GCC_SYMBOLS_PRIVATE_EXTERN = NO;
				GCC_VERSION = com.apple.compilers.llvm.clang.1_0;
				GCC_WARN_ABOUT_MISSING_PROTOTYPES = YES;
				GCC_WARN_ABOUT_RETURN_TYPE = YES;
				GCC_WARN_UNUSED_VARIABLE = YES;
				IPHONEOS_DEPLOYMENT_TARGET = 5.0;
				SDKROOT = iphoneos;
				TARGETED_DEVICE_FAMILY = 2;
			};
			name = Debug;
		};
		FD8FF1AD147280A3005EAD9F /* Release */ = {
			isa = XCBuildConfiguration;
			buildSettings = {
				ALWAYS_SEARCH_USER_PATHS = NO;
				ARCHS = "$(ARCHS_STANDARD_32_BIT)";
				"CODE_SIGN_IDENTITY[sdk=iphoneos*]" = "iPhone Developer";
				COPY_PHASE_STRIP = YES;
				GCC_C_LANGUAGE_STANDARD = gnu99;
				GCC_VERSION = com.apple.compilers.llvm.clang.1_0;
				GCC_WARN_ABOUT_MISSING_PROTOTYPES = YES;
				GCC_WARN_ABOUT_RETURN_TYPE = YES;
				GCC_WARN_UNUSED_VARIABLE = YES;
				IPHONEOS_DEPLOYMENT_TARGET = 5.0;
				OTHER_CFLAGS = "-DNS_BLOCK_ASSERTIONS=1";
				SDKROOT = iphoneos;
				TARGETED_DEVICE_FAMILY = 2;
				VALIDATE_PRODUCT = YES;
			};
			name = Release;
		};
		FD8FF1AF147280A3005EAD9F /* Debug */ = {
			isa = XCBuildConfiguration;
			buildSettings = {
				FRAMEWORK_SEARCH_PATHS = (
					"$(inherited)",
					"\"$(SRCROOT)\"",
				);
				GCC_PRECOMPILE_PREFIX_HEADER = YES;
				GCC_PREFIX_HEADER = "SocketClient/SocketClient-Prefix.pch";
				INFOPLIST_FILE = "SocketClient/SocketClient-Info.plist";
				PRODUCT_NAME = "$(TARGET_NAME)";
				TARGETED_DEVICE_FAMILY = 1;
				WRAPPER_EXTENSION = app;
			};
			name = Debug;
		};
		FD8FF1B0147280A3005EAD9F /* Release */ = {
			isa = XCBuildConfiguration;
			buildSettings = {
				FRAMEWORK_SEARCH_PATHS = (
					"$(inherited)",
					"\"$(SRCROOT)\"",
				);
				GCC_PRECOMPILE_PREFIX_HEADER = YES;
				GCC_PREFIX_HEADER = "SocketClient/SocketClient-Prefix.pch";
				INFOPLIST_FILE = "SocketClient/SocketClient-Info.plist";
				PRODUCT_NAME = "$(TARGET_NAME)";
				TARGETED_DEVICE_FAMILY = 1;
				WRAPPER_EXTENSION = app;
			};
			name = Release;
		};
/* End XCBuildConfiguration section */

/* Begin XCConfigurationList section */
		FD8FF18A147280A2005EAD9F /* Build configuration list for PBXProject "SocketClient" */ = {
			isa = XCConfigurationList;
			buildConfigurations = (
				FD8FF1AC147280A3005EAD9F /* Debug */,
				FD8FF1AD147280A3005EAD9F /* Release */,
			);
			defaultConfigurationIsVisible = 0;
			defaultConfigurationName = Release;
		};
		FD8FF1AE147280A3005EAD9F /* Build configuration list for PBXNativeTarget "SocketClient" */ = {
			isa = XCConfigurationList;
			buildConfigurations = (
				FD8FF1AF147280A3005EAD9F /* Debug */,
				FD8FF1B0147280A3005EAD9F /* Release */,
			);
			defaultConfigurationIsVisible = 0;
			defaultConfigurationName = Release;
		};
/* End XCConfigurationList section */
	};
	rootObject = FD8FF187147280A2005EAD9F /* Project object */;
}
